{
  "name": "acan-video-renderer",
  "lockfileVersion": 3,
  "requires": true,
  "packages": {
    "": {
      "name": "acan-video-renderer",
      "dependencies": {
        "@fontsource/ibm-plex-mono": "^5.2.6",
        "@fontsource/instrument-sans": "^5.2.6",
        "playwright": "^1.63.0"
      }
    },
    "node_modules/@fontsource/ibm-plex-mono": {
      "version": "5.2.6",
      "resolved": "https://registry.npmjs.org/@fontsource/ibm-plex-mono/-/ibm-plex-mono-5.2.6.tgz",
      "integrity": "sha512-LTZJNTcpoT19fmwERZNMDI+ljHueuyhF2Qn+bICJ4Y4hxBLAAoJ2MRsGnyp0QNutW6t/25eyZpvaUK1LDrCo7Q==",
      "license": "OFL-1.1",
      "funding": {
        "url": "https://github.com/sponsors/ayuhito"
      }
    },
    "node_modules/@fontsource/instrument-sans": {
      "version": "5.2.6",
      "resolved": "https://registry.npmjs.org/@fontsource/instrument-sans/-/instrument-sans-5.2.6.tgz",
      "integrity": "sha512-97npRcSSJ57jBAhyKuRU/qw+nb0hR7DUPcKPpNbAmKj/045o6VnXNnhGV/DEC2dvlGnxVHs6xD5U8/Xmad1KHA==",
      "license": "OFL-1.1",
      "funding": {
        "url": "https://github.com/sponsors/ayuhito"
      }
    },
    "node_modules/playwright": {
      "version": "1.63.0",
      "resolved": "https://registry.npmjs.org/playwright/-/playwright-1.63.0.tgz",
      "integrity": "sha512-+7ziBLidS4NaNCdt57SUDT+wYmmd5fmiQejUic/kb+YsYSCPyOOE9sebzMjNmQrsnNpDJqd4WHvV/8lfKfUDUg==",
      "license": "Apache-2.0",
      "dependencies": {
        "playwright-core": "1.63.0"
      },
      "bin": {
        "playwright": "cli.js"
      },
      "engines": {
        "node": ">=20"
      }
    },
    "node_modules/playwright-core": {
      "version": "1.63.0",
      "resolved": "https://registry.npmjs.org/playwright-core/-/playwright-core-1.63.0.tgz",
      "integrity": "sha512-rYCsBF/M5HjUch52bbtVONEFjv6Xu8sm8h72dNlR5bzIE1fvC/bxgspzkjSfU+MweEMmPM8KJebG6nnyxo5mCg==",
      "license": "Apache-2.0",
      "bin": {
        "playwright-core": "cli.js"
      },
      "engines": {
        "node": ">=20"
      }
    }
  }
}
